dependencies:
- name: mongodb
  repository: https://charts.bitnami.com/bitnami
  version: 18.1.10
- name: elasticsearch
  repository: https://helm.elastic.co
  version: 7.17.3
- name: kibana
  repository: https://helm.elastic.co
  version: 7.17.3
- name: logstash
  repository: https://helm.elastic.co
  version: 7.17.3
- name: filebeat
  repository: https://helm.elastic.co
  version: 7.17.3
digest: sha256:ef9c0d77062d238c3d236ff6390c20e3751bb78d028ab0badc119fa52d0571f5
generated: "2025-12-10T14:41:44.070080261+05:30"
